
Microsoft Visual Studio Solution File, Format Version 12.00
# Visual Studio 15
VisualStudioVersion = 15.0.25807.0
MinimumVisualStudioVersion = 10.0.40219.1
Project("{2150E333-8FDC-42A3-9474-1A3956D46DE8}") = "Engine", "Engine", "{CE6284BE-4954-4F2B-9B7A-5FC9223EA0AB}"
EndProject
Project("{2150E333-8FDC-42A3-9474-1A3956D46DE8}") = "Games", "Games", "{287F529C-597A-4CA9-A2B0-275E3676D98B}"
EndProject
Project("{8BC9CEB8-8B4A-11D0-8D11-00A0C91BC942}") = "BattleTank", "Intermediate\ProjectFiles\BattleTank.vcxproj", "{082C9B80-2C44-44CA-8E1E-69DD6BC964AD}"
EndProject
Project("{8BC9CEB8-8B4A-11D0-8D11-00A0C91BC942}") = "UE4", "Intermediate\ProjectFiles\UE4.vcxproj", "{C9FE4A9B-C40F-4837-B0BE-315417447733}"
EndProject
Project("{2150E333-8FDC-42A3-9474-1A3956D46DE8}") = "Visualizers", "Visualizers", "{B36A9FA1-9ABC-40D6-A373-4962C5A6142A}"
	ProjectSection(SolutionItems) = preProject
		..\..\..\UE_4.24\Engine\Extras\VisualStudioDebugging\UE4.natvis = ..\..\..\UE_4.24\Engine\Extras\VisualStudioDebugging\UE4.natvis
	EndProjectSection
EndProject
Global
	GlobalSection(SolutionConfigurationPlatforms) = preSolution
		DebugGame Editor|Win32 = DebugGame Editor|Win32
		DebugGame Editor|Win64 = DebugGame Editor|Win64
		DebugGame|Win32 = DebugGame|Win32
		DebugGame|Win64 = DebugGame|Win64
		Development Editor|Win32 = Development Editor|Win32
		Development Editor|Win64 = Development Editor|Win64
		Development|Win32 = Development|Win32
		Development|Win64 = Development|Win64
		Shipping|Win32 = Shipping|Win32
		Shipping|Win64 = Shipping|Win64
	EndGlobalSection
	GlobalSection(ProjectConfigurationPlatforms) = postSolution
		{082C9B80-2C44-44CA-8E1E-69DD6BC964AD}.DebugGame Editor|Win32.ActiveCfg = Invalid|Win32
		{082C9B80-2C44-44CA-8E1E-69DD6BC964AD}.DebugGame Editor|Win64.ActiveCfg = DebugGame_Editor|x64
		{082C9B80-2C44-44CA-8E1E-69DD6BC964AD}.DebugGame Editor|Win64.Build.0 = DebugGame_Editor|x64
		{082C9B80-2C44-44CA-8E1E-69DD6BC964AD}.DebugGame|Win32.ActiveCfg = DebugGame|Win32
		{082C9B80-2C44-44CA-8E1E-69DD6BC964AD}.DebugGame|Win32.Build.0 = DebugGame|Win32
		{082C9B80-2C44-44CA-8E1E-69DD6BC964AD}.DebugGame|Win64.ActiveCfg = DebugGame|x64
		{082C9B80-2C44-44CA-8E1E-69DD6BC964AD}.DebugGame|Win64.Build.0 = DebugGame|x64
		{082C9B80-2C44-44CA-8E1E-69DD6BC964AD}.Development Editor|Win32.ActiveCfg = Invalid|Win32
		{082C9B80-2C44-44CA-8E1E-69DD6BC964AD}.Development Editor|Win64.ActiveCfg = Development_Editor|x64
		{082C9B80-2C44-44CA-8E1E-69DD6BC964AD}.Development Editor|Win64.Build.0 = Development_Editor|x64
		{082C9B80-2C44-44CA-8E1E-69DD6BC964AD}.Development|Win32.ActiveCfg = Development|Win32
		{082C9B80-2C44-44CA-8E1E-69DD6BC964AD}.Development|Win32.Build.0 = Development|Win32
		{082C9B80-2C44-44CA-8E1E-69DD6BC964AD}.Development|Win64.ActiveCfg = Development|x64
		{082C9B80-2C44-44CA-8E1E-69DD6BC964AD}.Development|Win64.Build.0 = Development|x64
		{082C9B80-2C44-44CA-8E1E-69DD6BC964AD}.Shipping|Win32.ActiveCfg = Shipping|Win32
		{082C9B80-2C44-44CA-8E1E-69DD6BC964AD}.Shipping|Win32.Build.0 = Shipping|Win32
		{082C9B80-2C44-44CA-8E1E-69DD6BC964AD}.Shipping|Win64.ActiveCfg = Shipping|x64
		{082C9B80-2C44-44CA-8E1E-69DD6BC964AD}.Shipping|Win64.Build.0 = Shipping|x64
		{C9FE4A9B-C40F-4837-B0BE-315417447733}.DebugGame Editor|Win32.ActiveCfg = BuiltWithUnrealBuildTool|Win32
		{C9FE4A9B-C40F-4837-B0BE-315417447733}.DebugGame Editor|Win64.ActiveCfg = BuiltWithUnrealBuildTool|Win32
		{C9FE4A9B-C40F-4837-B0BE-315417447733}.DebugGame|Win32.ActiveCfg = BuiltWithUnrealBuildTool|Win32
		{C9FE4A9B-C40F-4837-B0BE-315417447733}.DebugGame|Win64.ActiveCfg = BuiltWithUnrealBuildTool|Win32
		{C9FE4A9B-C40F-4837-B0BE-315417447733}.Development Editor|Win32.ActiveCfg = BuiltWithUnrealBuildTool|Win32
		{C9FE4A9B-C40F-4837-B0BE-315417447733}.Development Editor|Win64.ActiveCfg = BuiltWithUnrealBuildTool|Win32
		{C9FE4A9B-C40F-4837-B0BE-315417447733}.Development|Win32.ActiveCfg = BuiltWithUnrealBuildTool|Win32
		{C9FE4A9B-C40F-4837-B0BE-315417447733}.Development|Win64.ActiveCfg = BuiltWithUnrealBuildTool|Win32
		{C9FE4A9B-C40F-4837-B0BE-315417447733}.Shipping|Win32.ActiveCfg = BuiltWithUnrealBuildTool|Win32
		{C9FE4A9B-C40F-4837-B0BE-315417447733}.Shipping|Win64.ActiveCfg = BuiltWithUnrealBuildTool|Win32
	EndGlobalSection
	GlobalSection(SolutionProperties) = preSolution
		HideSolutionNode = FALSE
	EndGlobalSection
	GlobalSection(NestedProjects) = preSolution
		{C9FE4A9B-C40F-4837-B0BE-315417447733} = {CE6284BE-4954-4F2B-9B7A-5FC9223EA0AB}
		{082C9B80-2C44-44CA-8E1E-69DD6BC964AD} = {287F529C-597A-4CA9-A2B0-275E3676D98B}
	EndGlobalSection
EndGlobal
